
Microsoft Visual Studio Solution File, Format Version 12.00
# Visual Studio 14
VisualStudioVersion = 14.0.24720.0
MinimumVisualStudioVersion = 10.0.40219.1
Project("{FAE04EC0-301F-11D3-BF4B-00C04F79EFBC}") = "TestcaseFilesystem.Classes", "TestcaseFilesystem.Classes\TestcaseFilesystem.Classes.csproj", "{4BCCA076-871C-4F40-A77F-C4BE586751E3}"
EndProject
Project("{FAE04EC0-301F-11D3-BF4B-00C04F79EFBC}") = "TestcaseFilesystem.Mvc", "TestcaseFilesystem.Mvc\TestcaseFilesystem.Mvc.csproj", "{2F60EA2A-715C-4DD2-9152-C7755177AAD2}"
EndProject
Global
	GlobalSection(SolutionConfigurationPlatforms) = preSolution
		Debug|Any CPU = Debug|Any CPU
		Release|Any CPU = Release|Any CPU
	EndGlobalSection
	GlobalSection(ProjectConfigurationPlatforms) = postSolution
		{4BCCA076-871C-4F40-A77F-C4BE586751E3}.Debug|Any CPU.ActiveCfg = Debug|Any CPU
		{4BCCA076-871C-4F40-A77F-C4BE586751E3}.Debug|Any CPU.Build.0 = Debug|Any CPU
		{4BCCA076-871C-4F40-A77F-C4BE586751E3}.Release|Any CPU.ActiveCfg = Release|Any CPU
		{4BCCA076-871C-4F40-A77F-C4BE586751E3}.Release|Any CPU.Build.0 = Release|Any CPU
		{2F60EA2A-715C-4DD2-9152-C7755177AAD2}.Debug|Any CPU.ActiveCfg = Debug|Any CPU
		{2F60EA2A-715C-4DD2-9152-C7755177AAD2}.Debug|Any CPU.Build.0 = Debug|Any CPU
		{2F60EA2A-715C-4DD2-9152-C7755177AAD2}.Release|Any CPU.ActiveCfg = Release|Any CPU
		{2F60EA2A-715C-4DD2-9152-C7755177AAD2}.Release|Any CPU.Build.0 = Release|Any CPU
	EndGlobalSection
	GlobalSection(SolutionProperties) = preSolution
		HideSolutionNode = FALSE
	EndGlobalSection
EndGlobal
